
Microsoft Visual Studio Solution File, Format Version 12.00
# Visual Studio Version 16
VisualStudioVersion = 16.0.30204.135
MinimumVisualStudioVersion = 10.0.40219.1
Project("{FAE04EC0-301F-11D3-BF4B-00C04F79EFBC}") = "DAL", "DAL\DAL.csproj", "{6F086843-4B9D-4028-8F53-325FCB941673}"
EndProject
Project("{FAE04EC0-301F-11D3-BF4B-00C04F79EFBC}") = "Entities", "Entities\Entities.csproj", "{8A5407A5-0976-4E17-8487-E8700ED18D37}"
EndProject
Project("{FAE04EC0-301F-11D3-BF4B-00C04F79EFBC}") = "GUI", "GUI\GUI.csproj", "{1305A6FB-CAEE-4151-8E49-9DCED98F825D}"
EndProject
Project("{FAE04EC0-301F-11D3-BF4B-00C04F79EFBC}") = "QLRPWCFServices", "QLRPWCFServices\QLRPWCFServices.csproj", "{D242B54E-DE78-477C-8CCC-8F6D46A4ECE6}"
EndProject
Global
	GlobalSection(SolutionConfigurationPlatforms) = preSolution
		Debug|Any CPU = Debug|Any CPU
		Release|Any CPU = Release|Any CPU
	EndGlobalSection
	GlobalSection(ProjectConfigurationPlatforms) = postSolution
		{6F086843-4B9D-4028-8F53-325FCB941673}.Debug|Any CPU.ActiveCfg = Debug|Any CPU
		{6F086843-4B9D-4028-8F53-325FCB941673}.Debug|Any CPU.Build.0 = Debug|Any CPU
		{6F086843-4B9D-4028-8F53-325FCB941673}.Release|Any CPU.ActiveCfg = Release|Any CPU
		{6F086843-4B9D-4028-8F53-325FCB941673}.Release|Any CPU.Build.0 = Release|Any CPU
		{8A5407A5-0976-4E17-8487-E8700ED18D37}.Debug|Any CPU.ActiveCfg = Debug|Any CPU
		{8A5407A5-0976-4E17-8487-E8700ED18D37}.Debug|Any CPU.Build.0 = Debug|Any CPU
		{8A5407A5-0976-4E17-8487-E8700ED18D37}.Release|Any CPU.ActiveCfg = Release|Any CPU
		{8A5407A5-0976-4E17-8487-E8700ED18D37}.Release|Any CPU.Build.0 = Release|Any CPU
		{1305A6FB-CAEE-4151-8E49-9DCED98F825D}.Debug|Any CPU.ActiveCfg = Debug|Any CPU
		{1305A6FB-CAEE-4151-8E49-9DCED98F825D}.Debug|Any CPU.Build.0 = Debug|Any CPU
		{1305A6FB-CAEE-4151-8E49-9DCED98F825D}.Release|Any CPU.ActiveCfg = Release|Any CPU
		{1305A6FB-CAEE-4151-8E49-9DCED98F825D}.Release|Any CPU.Build.0 = Release|Any CPU
		{D242B54E-DE78-477C-8CCC-8F6D46A4ECE6}.Debug|Any CPU.ActiveCfg = Debug|Any CPU
		{D242B54E-DE78-477C-8CCC-8F6D46A4ECE6}.Debug|Any CPU.Build.0 = Debug|Any CPU
		{D242B54E-DE78-477C-8CCC-8F6D46A4ECE6}.Release|Any CPU.ActiveCfg = Release|Any CPU
		{D242B54E-DE78-477C-8CCC-8F6D46A4ECE6}.Release|Any CPU.Build.0 = Release|Any CPU
	EndGlobalSection
	GlobalSection(SolutionProperties) = preSolution
		HideSolutionNode = FALSE
	EndGlobalSection
	GlobalSection(ExtensibilityGlobals) = postSolution
		SolutionGuid = {6281A421-6641-4569-97B3-C6C9302F6D51}
	EndGlobalSection
EndGlobal
